
Microsoft Visual Studio Solution File, Format Version 12.00
# Visual Studio Version 17
VisualStudioVersion = 17.1.32328.378
MinimumVisualStudioVersion = 10.0.40219.1
Project("{FAE04EC0-301F-11D3-BF4B-00C04F79EFBC}") = "ConsoleApp1", "ConsoleApp1\ConsoleApp1.csproj", "{F3F0C090-C110-423B-860C-7B095FFDB871}"
EndProject
Global
	GlobalSection(SolutionConfigurationPlatforms) = preSolution
		Debug|Any CPU = Debug|Any CPU
		Release|Any CPU = Release|Any CPU
	EndGlobalSection
	GlobalSection(ProjectConfigurationPlatforms) = postSolution
		{F3F0C090-C110-423B-860C-7B095FFDB871}.Debug|Any CPU.ActiveCfg = Debug|Any CPU
		{F3F0C090-C110-423B-860C-7B095FFDB871}.Debug|Any CPU.Build.0 = Debug|Any CPU
		{F3F0C090-C110-423B-860C-7B095FFDB871}.Release|Any CPU.ActiveCfg = Release|Any CPU
		{F3F0C090-C110-423B-860C-7B095FFDB871}.Release|Any CPU.Build.0 = Release|Any CPU
	EndGlobalSection
	GlobalSection(SolutionProperties) = preSolution
		HideSolutionNode = FALSE
	EndGlobalSection
	GlobalSection(ExtensibilityGlobals) = postSolution
		SolutionGuid = {4476AE30-DBFB-4673-8A4E-0D3BBFEA2AD1}
	EndGlobalSection
EndGlobal
